<?xml version="1.0" encoding="utf-8"?>
<Project ToolsVersion="4.0" xmlns="http://schemas.microsoft.com/developer/msbuild/2003">
  <ItemGroup>
    <Filter Include="Source Files">
      <UniqueIdentifier>{4FC737F1-C7A5-4376-A066-2A32D752A2FF}</UniqueIdentifier>
      <Extensions>cpp;c;cc;cxx;def;odl;idl;hpj;bat;asm;asmx</Extensions>
    </Filter>
    <Filter Include="Header Files">
      <UniqueIdentifier>{93995380-89BD-4b04-88EB-625FBE52EBFB}</UniqueIdentifier>
      <Extensions>h;hh;hpp;hxx;hm;inl;inc;xsd</Extensions>
    </Filter>
    <Filter Include="Resource Files">
      <UniqueIdentifier>{67DA6AB6-F800-4c08-8B7A-83BB121AAD01}</UniqueIdentifier>
      <Extensions>rc;ico;cur;bmp;dlg;rc2;rct;bin;rgs;gif;jpg;jpeg;jpe;resx;tiff;tif;png;wav;mfcribbon-ms</Extensions>
    </Filter>
    <Filter Include="Header Files\imgui">
      <UniqueIdentifier>{fdd6d380-e53c-4dc2-a761-69077c0ec813}</UniqueIdentifier>
    </Filter>
    <Filter Include="Source Files\imgui">
      <UniqueIdentifier>{1bc1856a-cf5d-4f9c-a1f6-5bbd985fba1b}</UniqueIdentifier>
    </Filter>
    <Filter Include="Shader Files">
      <UniqueIdentifier>{4d255dd1-ac6c-4106-87a0-1fbfdee98830}</UniqueIdentifier>
    </Filter>
    <Filter Include="Shader Files\Skybox">
      <UniqueIdentifier>{9e0fb28c-1dfa-4847-ba5b-e60043083fb1}</UniqueIdentifier>
    </Filter>
    <Filter Include="Shader Files\Sun">
      <UniqueIdentifier>{d62685b5-0b90-4a48-8d07-61902ffd0418}</UniqueIdentifier>
    </Filter>
    <Filter Include="Shader Files\Mountain">
      <UniqueIdentifier>{2d5f0f9b-87f2-44a9-9a17-605e3f1ea52d}</UniqueIdentifier>
    </Filter>
    <Filter Include="Header Files\Terrain">
      <UniqueIdentifier>{adcf721e-778f-4ede-997e-5d491a5d8e09}</UniqueIdentifier>
    </Filter>
    <Filter Include="Source Files\Terrain">
      <UniqueIdentifier>{660d3d54-1185-4458-b3ab-b52ab41a90ec}</UniqueIdentifier>
    </Filter>
    <Filter Include="Shader Files\OceanTile">
      <UniqueIdentifier>{c7b9037c-b5a1-4c6b-9d61-fbe0b028ba50}</UniqueIdentifier>
    </Filter>
  </ItemGroup>
  <ItemGroup>
    <ClCompile Include="main.cpp">
      <Filter>Source Files</Filter>
    </ClCompile>
    <ClCompile Include="Graphics\window.cpp">
      <Filter>Source Files</Filter>
    </ClCompile>
    <ClCompile Include="Shaders\shader.cpp">
      <Filter>Source Files</Filter>
    </ClCompile>
    <ClCompile Include="Camera\camera.cpp">
      <Filter>Source Files</Filter>
    </ClCompile>
    <ClCompile Include="Model Loading\mesh.cpp">
      <Filter>Source Files</Filter>
    </ClCompile>
    <ClCompile Include="Model Loading\texture.cpp">
      <Filter>Source Files</Filter>
    </ClCompile>
    <ClCompile Include="Model Loading\meshLoaderObj.cpp">
      <Filter>Source Files</Filter>
    </ClCompile>
    <ClCompile Include="Model Loading\skybox.cpp">
      <Filter>Source Files</Filter>
    </ClCompile>
    <ClCompile Include="..\Dependencies\imgui\imgui.cpp">
      <Filter>Source Files\imgui</Filter>
    </ClCompile>
    <ClCompile Include="..\Dependencies\imgui\imgui_demo.cpp">
      <Filter>Source Files\imgui</Filter>
    </ClCompile>
    <ClCompile Include="..\Dependencies\imgui\imgui_draw.cpp">
      <Filter>Source Files\imgui</Filter>
    </ClCompile>
    <ClCompile Include="..\Dependencies\imgui\imgui_impl_glfw.cpp">
      <Filter>Source Files\imgui</Filter>
    </ClCompile>
    <ClCompile Include="..\Dependencies\imgui\imgui_impl_opengl3.cpp">
      <Filter>Source Files\imgui</Filter>
    </ClCompile>
    <ClCompile Include="..\Dependencies\imgui\imgui_tables.cpp">
      <Filter>Source Files\imgui</Filter>
    </ClCompile>
    <ClCompile Include="..\Dependencies\imgui\imgui_widgets.cpp">
      <Filter>Source Files\imgui</Filter>
    </ClCompile>
    <ClCompile Include="TerrainOcean\Terrain.cpp">
      <Filter>Source Files\Terrain</Filter>
    </ClCompile>
    <ClCompile Include="Utils\SimplexNoise.cpp">
      <Filter>Source Files</Filter>
    </ClCompile>
    <ClCompile Include="TerrainOcean\OceanTile.cpp">
      <Filter>Source Files\Terrain</Filter>
    </ClCompile>
    <ClCompile Include="GameObjects\GameObject.cpp">
      <Filter>Source Files</Filter>
    </ClCompile>
    <ClCompile Include="Collisions\collision.cpp">
      <Filter>Source Files</Filter>
    </ClCompile>
  </ItemGroup>
  <ItemGroup>
    <ClInclude Include="Graphics\window.h">
      <Filter>Header Files</Filter>
    </ClInclude>
    <ClInclude Include="Shaders\shader.h">
      <Filter>Header Files</Filter>
    </ClInclude>
    <ClInclude Include="Camera\camera.h">
      <Filter>Header Files</Filter>
    </ClInclude>
    <ClInclude Include="Model Loading\mesh.h">
      <Filter>Header Files</Filter>
    </ClInclude>
    <ClInclude Include="Model Loading\texture.h">
      <Filter>Header Files</Filter>
    </ClInclude>
    <ClInclude Include="Model Loading\meshLoaderObj.h">
      <Filter>Header Files</Filter>
    </ClInclude>
    <ClInclude Include="Model Loading\stringTokenizer.h">
      <Filter>Header Files</Filter>
    </ClInclude>
    <ClInclude Include="Model Loading\skybox.h">
      <Filter>Header Files</Filter>
    </ClInclude>
    <ClInclude Include="Statistics\counter.h">
      <Filter>Header Files</Filter>
    </ClInclude>
    <ClInclude Include="Collisions\collision.h">
      <Filter>Header Files</Filter>
    </ClInclude>
    <ClInclude Include="..\Dependencies\imgui\imgui.h">
      <Filter>Header Files\imgui</Filter>
    </ClInclude>
    <ClInclude Include="..\Dependencies\imgui\imgui_impl_glfw.h">
      <Filter>Header Files\imgui</Filter>
    </ClInclude>
    <ClInclude Include="..\Dependencies\imgui\imgui_impl_opengl3.h">
      <Filter>Header Files\imgui</Filter>
    </ClInclude>
    <ClInclude Include="..\Dependencies\imgui\imgui_impl_opengl3_loader.h">
      <Filter>Header Files\imgui</Filter>
    </ClInclude>
    <ClInclude Include="..\Dependencies\imgui\imgui_internal.h">
      <Filter>Header Files\imgui</Filter>
    </ClInclude>
    <ClInclude Include="..\Dependencies\imgui\imconfig.h">
      <Filter>Header Files\imgui</Filter>
    </ClInclude>
    <ClInclude Include="..\Dependencies\imgui\imstb_rectpack.h">
      <Filter>Header Files\imgui</Filter>
    </ClInclude>
    <ClInclude Include="..\Dependencies\imgui\imstb_textedit.h">
      <Filter>Header Files\imgui</Filter>
    </ClInclude>
    <ClInclude Include="..\Dependencies\imgui\imstb_truetype.h">
      <Filter>Header Files\imgui</Filter>
    </ClInclude>
    <ClInclude Include="TerrainOcean\Terrain.h">
      <Filter>Header Files\Terrain</Filter>
    </ClInclude>
    <ClInclude Include="main.h">
      <Filter>Header Files</Filter>
    </ClInclude>
    <ClInclude Include="Utils\SimplexNoise.h">
      <Filter>Header Files</Filter>
    </ClInclude>
    <ClInclude Include="TerrainOcean\OceanTile.h">
      <Filter>Header Files\Terrain</Filter>
    </ClInclude>
    <ClInclude Include="GameObjects\GameObject.h">
      <Filter>Header Files</Filter>
    </ClInclude>
  </ItemGroup>
  <ItemGroup>
    <None Include="Shaders\vertex_shader.glsl">
      <Filter>Shader Files</Filter>
    </None>
    <None Include="Shaders\fragment_shader.glsl">
      <Filter>Shader Files</Filter>
    </None>
    <None Include="Shaders\skybox_frag.glsl">
      <Filter>Shader Files\Skybox</Filter>
    </None>
    <None Include="Shaders\skybox_vert.glsl">
      <Filter>Shader Files\Skybox</Filter>
    </None>
    <None Include="Shaders\sun_fragment_shader.glsl">
      <Filter>Shader Files\Sun</Filter>
    </None>
    <None Include="Shaders\sun_vertex_shader.glsl">
      <Filter>Shader Files\Sun</Filter>
    </None>
    <None Include="Shaders\mountain_fragment_shader.glsl">
      <Filter>Shader Files\Mountain</Filter>
    </None>
    <None Include="Shaders\mountain_vertex_shader.glsl">
      <Filter>Shader Files\Mountain</Filter>
    </None>
    <None Include="Shaders\mountain_geom_shader.glsl">
      <Filter>Shader Files\Mountain</Filter>
    </None>
    <None Include="Shaders\ocean_fragment_shader.glsl">
      <Filter>Shader Files\OceanTile</Filter>
    </None>
    <None Include="Shaders\ocean_vertex_shader.glsl">
      <Filter>Shader Files\OceanTile</Filter>
    </None>
    <None Include="Shaders\bounding_box_vertex.glsl" />
    <None Include="Shaders\bounding_box_fragment.glsl" />
  </ItemGroup>
  <ItemGroup>
    <Image Include="Resources\Textures\wood.bmp">
      <Filter>Resource Files</Filter>
    </Image>
    <Image Include="Resources\Textures\rock.bmp">
      <Filter>Resource Files</Filter>
    </Image>
  </ItemGroup>
</Project>